{
  "name": "interactive map",
  "lockfileVersion": 2,
  "requires": true,
  "packages": {
    "": {
      "dependencies": {
        "@vanillaes/csv": "^3.0.1",
        "jquery": "^3.6.4"
      }
    },
    "node_modules/@vanillaes/csv": {
      "version": "3.0.1",
      "resolved": "https://registry.npmjs.org/@vanillaes/csv/-/csv-3.0.1.tgz",
      "integrity": "sha512-mNKB75OwOUQl90lXxDcgOzN8vb5fsGEa4TNF4rbP0e/MiXzJzEzMc369wOT9jyXidJlbZTHzP6H839d3i7Zdag==",
      "engines": {
        "node": ">=14"
      }
    },
    "node_modules/jquery": {
      "version": "3.6.4",
      "resolved": "https://registry.npmjs.org/jquery/-/jquery-3.6.4.tgz",
      "integrity": "sha512-v28EW9DWDFpzcD9O5iyJXg3R3+q+mET5JhnjJzQUZMHOv67bpSIHq81GEYpPNZHG+XXHsfSme3nxp/hndKEcsQ=="
    }
  },
  "dependencies": {
    "@vanillaes/csv": {
      "version": "3.0.1",
      "resolved": "https://registry.npmjs.org/@vanillaes/csv/-/csv-3.0.1.tgz",
      "integrity": "sha512-mNKB75OwOUQl90lXxDcgOzN8vb5fsGEa4TNF4rbP0e/MiXzJzEzMc369wOT9jyXidJlbZTHzP6H839d3i7Zdag=="
    },
    "jquery": {
      "version": "3.6.4",
      "resolved": "https://registry.npmjs.org/jquery/-/jquery-3.6.4.tgz",
      "integrity": "sha512-v28EW9DWDFpzcD9O5iyJXg3R3+q+mET5JhnjJzQUZMHOv67bpSIHq81GEYpPNZHG+XXHsfSme3nxp/hndKEcsQ=="
    }
  }
}
